
Microsoft Visual Studio Solution File, Format Version 12.00
# Visual Studio 15
VisualStudioVersion = 15.0.26430.16
MinimumVisualStudioVersion = 10.0.40219.1
Project("{FAE04EC0-301F-11D3-BF4B-00C04F79EFBC}") = "LpricharCodeHour", "LpricharCodeHour\LpricharCodeHour.csproj", "{DD913440-783F-4C7C-896A-4B0778EBB5F1}"
EndProject
Global
	GlobalSection(SolutionConfigurationPlatforms) = preSolution
		Ad-Hoc|iPhone = Ad-Hoc|iPhone
		Ad-Hoc|iPhoneSimulator = Ad-Hoc|iPhoneSimulator
		AppStore|iPhone = AppStore|iPhone
		AppStore|iPhoneSimulator = AppStore|iPhoneSimulator
		Debug|iPhone = Debug|iPhone
		Debug|iPhoneSimulator = Debug|iPhoneSimulator
		Release|iPhone = Release|iPhone
		Release|iPhoneSimulator = Release|iPhoneSimulator
	EndGlobalSection
	GlobalSection(ProjectConfigurationPlatforms) = postSolution
		{DD913440-783F-4C7C-896A-4B0778EBB5F1}.Ad-Hoc|iPhone.ActiveCfg = Ad-Hoc|iPhone
		{DD913440-783F-4C7C-896A-4B0778EBB5F1}.Ad-Hoc|iPhone.Build.0 = Ad-Hoc|iPhone
		{DD913440-783F-4C7C-896A-4B0778EBB5F1}.Ad-Hoc|iPhoneSimulator.ActiveCfg = Ad-Hoc|iPhoneSimulator
		{DD913440-783F-4C7C-896A-4B0778EBB5F1}.Ad-Hoc|iPhoneSimulator.Build.0 = Ad-Hoc|iPhoneSimulator
		{DD913440-783F-4C7C-896A-4B0778EBB5F1}.AppStore|iPhone.ActiveCfg = AppStore|iPhone
		{DD913440-783F-4C7C-896A-4B0778EBB5F1}.AppStore|iPhone.Build.0 = AppStore|iPhone
		{DD913440-783F-4C7C-896A-4B0778EBB5F1}.AppStore|iPhoneSimulator.ActiveCfg = AppStore|iPhoneSimulator
		{DD913440-783F-4C7C-896A-4B0778EBB5F1}.AppStore|iPhoneSimulator.Build.0 = AppStore|iPhoneSimulator
		{DD913440-783F-4C7C-896A-4B0778EBB5F1}.Debug|iPhone.ActiveCfg = Debug|iPhone
		{DD913440-783F-4C7C-896A-4B0778EBB5F1}.Debug|iPhone.Build.0 = Debug|iPhone
		{DD913440-783F-4C7C-896A-4B0778EBB5F1}.Debug|iPhoneSimulator.ActiveCfg = Debug|iPhoneSimulator
		{DD913440-783F-4C7C-896A-4B0778EBB5F1}.Debug|iPhoneSimulator.Build.0 = Debug|iPhoneSimulator
		{DD913440-783F-4C7C-896A-4B0778EBB5F1}.Release|iPhone.ActiveCfg = Release|iPhone
		{DD913440-783F-4C7C-896A-4B0778EBB5F1}.Release|iPhone.Build.0 = Release|iPhone
		{DD913440-783F-4C7C-896A-4B0778EBB5F1}.Release|iPhoneSimulator.ActiveCfg = Release|iPhoneSimulator
		{DD913440-783F-4C7C-896A-4B0778EBB5F1}.Release|iPhoneSimulator.Build.0 = Release|iPhoneSimulator
	EndGlobalSection
	GlobalSection(SolutionProperties) = preSolution
		HideSolutionNode = FALSE
	EndGlobalSection
EndGlobal
